
Microsoft Visual Studio Solution File, Format Version 12.00
# Visual Studio Version 17
VisualStudioVersion = 17.4.33110.190
MinimumVisualStudioVersion = 10.0.40219.1
Project("{FAE04EC0-301F-11D3-BF4B-00C04F79EFBC}") = "Sort binary tree by levels", "Sort binary tree by levels\Sort binary tree by levels.csproj", "{2E1D84C5-E4B9-49DC-9CB3-199AA65E110C}"
EndProject
Global
	GlobalSection(SolutionConfigurationPlatforms) = preSolution
		Debug|Any CPU = Debug|Any CPU
		Release|Any CPU = Release|Any CPU
	EndGlobalSection
	GlobalSection(ProjectConfigurationPlatforms) = postSolution
		{2E1D84C5-E4B9-49DC-9CB3-199AA65E110C}.Debug|Any CPU.ActiveCfg = Debug|Any CPU
		{2E1D84C5-E4B9-49DC-9CB3-199AA65E110C}.Debug|Any CPU.Build.0 = Debug|Any CPU
		{2E1D84C5-E4B9-49DC-9CB3-199AA65E110C}.Release|Any CPU.ActiveCfg = Release|Any CPU
		{2E1D84C5-E4B9-49DC-9CB3-199AA65E110C}.Release|Any CPU.Build.0 = Release|Any CPU
	EndGlobalSection
	GlobalSection(SolutionProperties) = preSolution
		HideSolutionNode = FALSE
	EndGlobalSection
	GlobalSection(ExtensibilityGlobals) = postSolution
		SolutionGuid = {4465AECE-5A55-467E-A3B7-38CCA6E8ECDE}
	EndGlobalSection
EndGlobal
